
Microsoft Visual Studio Solution File, Format Version 12.00
# Visual Studio Version 16
VisualStudioVersion = 16.0.30907.101
MinimumVisualStudioVersion = 10.0.40219.1
Project("{FAE04EC0-301F-11D3-BF4B-00C04F79EFBC}") = "C4_2", "C4_2\C4_2.csproj", "{5E168965-03AA-481E-B577-2E0DFF4EBF83}"
EndProject
Global
	GlobalSection(SolutionConfigurationPlatforms) = preSolution
		Debug|Any CPU = Debug|Any CPU
		Release|Any CPU = Release|Any CPU
	EndGlobalSection
	GlobalSection(ProjectConfigurationPlatforms) = postSolution
		{5E168965-03AA-481E-B577-2E0DFF4EBF83}.Debug|Any CPU.ActiveCfg = Debug|Any CPU
		{5E168965-03AA-481E-B577-2E0DFF4EBF83}.Debug|Any CPU.Build.0 = Debug|Any CPU
		{5E168965-03AA-481E-B577-2E0DFF4EBF83}.Release|Any CPU.ActiveCfg = Release|Any CPU
		{5E168965-03AA-481E-B577-2E0DFF4EBF83}.Release|Any CPU.Build.0 = Release|Any CPU
	EndGlobalSection
	GlobalSection(SolutionProperties) = preSolution
		HideSolutionNode = FALSE
	EndGlobalSection
	GlobalSection(ExtensibilityGlobals) = postSolution
		SolutionGuid = {7BC1497D-66EB-4538-AF2B-C11E1AECA356}
	EndGlobalSection
EndGlobal
