
Microsoft Visual Studio Solution File, Format Version 12.00
# Visual Studio Version 16
VisualStudioVersion = 16.0.30907.101
MinimumVisualStudioVersion = 10.0.40219.1
Project("{FAE04EC0-301F-11D3-BF4B-00C04F79EFBC}") = "b3", "b3\b3.csproj", "{21D98701-2CD8-4076-89FA-476D28205ECE}"
EndProject
Global
	GlobalSection(SolutionConfigurationPlatforms) = preSolution
		Debug|Any CPU = Debug|Any CPU
		Release|Any CPU = Release|Any CPU
	EndGlobalSection
	GlobalSection(ProjectConfigurationPlatforms) = postSolution
		{21D98701-2CD8-4076-89FA-476D28205ECE}.Debug|Any CPU.ActiveCfg = Debug|Any CPU
		{21D98701-2CD8-4076-89FA-476D28205ECE}.Debug|Any CPU.Build.0 = Debug|Any CPU
		{21D98701-2CD8-4076-89FA-476D28205ECE}.Release|Any CPU.ActiveCfg = Release|Any CPU
		{21D98701-2CD8-4076-89FA-476D28205ECE}.Release|Any CPU.Build.0 = Release|Any CPU
	EndGlobalSection
	GlobalSection(SolutionProperties) = preSolution
		HideSolutionNode = FALSE
	EndGlobalSection
	GlobalSection(ExtensibilityGlobals) = postSolution
		SolutionGuid = {849F01EA-3201-4FA4-B32A-56E3BF825D46}
	EndGlobalSection
EndGlobal
