
Microsoft Visual Studio Solution File, Format Version 12.00
# Visual Studio Version 16
VisualStudioVersion = 16.0.30907.101
MinimumVisualStudioVersion = 10.0.40219.1
Project("{FAE04EC0-301F-11D3-BF4B-00C04F79EFBC}") = "QTest", "QTest\QTest.csproj", "{B6F2C4B9-8F0F-40CB-8751-09715EE8D1ED}"
EndProject
Global
	GlobalSection(SolutionConfigurationPlatforms) = preSolution
		Debug|Any CPU = Debug|Any CPU
		Release|Any CPU = Release|Any CPU
	EndGlobalSection
	GlobalSection(ProjectConfigurationPlatforms) = postSolution
		{B6F2C4B9-8F0F-40CB-8751-09715EE8D1ED}.Debug|Any CPU.ActiveCfg = Debug|Any CPU
		{B6F2C4B9-8F0F-40CB-8751-09715EE8D1ED}.Debug|Any CPU.Build.0 = Debug|Any CPU
		{B6F2C4B9-8F0F-40CB-8751-09715EE8D1ED}.Release|Any CPU.ActiveCfg = Release|Any CPU
		{B6F2C4B9-8F0F-40CB-8751-09715EE8D1ED}.Release|Any CPU.Build.0 = Release|Any CPU
	EndGlobalSection
	GlobalSection(SolutionProperties) = preSolution
		HideSolutionNode = FALSE
	EndGlobalSection
	GlobalSection(ExtensibilityGlobals) = postSolution
		SolutionGuid = {3789025B-431C-4D58-A5A5-593CB0A5503C}
	EndGlobalSection
EndGlobal
