
Microsoft Visual Studio Solution File, Format Version 12.00
# Visual Studio Version 16
VisualStudioVersion = 16.0.30907.101
MinimumVisualStudioVersion = 10.0.40219.1
Project("{FAE04EC0-301F-11D3-BF4B-00C04F79EFBC}") = "QuanLyBanHang3.5", "QuanLyBanHang3.5\QuanLyBanHang3.5.csproj", "{38CA4C45-0D9B-4032-8A18-D8D9B8DC60B4}"
EndProject
Global
	GlobalSection(SolutionConfigurationPlatforms) = preSolution
		Debug|Any CPU = Debug|Any CPU
		Release|Any CPU = Release|Any CPU
	EndGlobalSection
	GlobalSection(ProjectConfigurationPlatforms) = postSolution
		{38CA4C45-0D9B-4032-8A18-D8D9B8DC60B4}.Debug|Any CPU.ActiveCfg = Debug|Any CPU
		{38CA4C45-0D9B-4032-8A18-D8D9B8DC60B4}.Debug|Any CPU.Build.0 = Debug|Any CPU
		{38CA4C45-0D9B-4032-8A18-D8D9B8DC60B4}.Release|Any CPU.ActiveCfg = Release|Any CPU
		{38CA4C45-0D9B-4032-8A18-D8D9B8DC60B4}.Release|Any CPU.Build.0 = Release|Any CPU
	EndGlobalSection
	GlobalSection(SolutionProperties) = preSolution
		HideSolutionNode = FALSE
	EndGlobalSection
	GlobalSection(ExtensibilityGlobals) = postSolution
		SolutionGuid = {90834E79-8327-4134-9750-9BDA1A4A9B4C}
	EndGlobalSection
EndGlobal
