
Microsoft Visual Studio Solution File, Format Version 12.00
# Visual Studio Version 16
VisualStudioVersion = 16.0.30907.101
MinimumVisualStudioVersion = 10.0.40219.1
Project("{FAE04EC0-301F-11D3-BF4B-00C04F79EFBC}") = "C4_Database", "C4_Database\C4_Database.csproj", "{B15CB961-F451-4B47-9E6F-7A1514ECD6FB}"
EndProject
Global
	GlobalSection(SolutionConfigurationPlatforms) = preSolution
		Debug|Any CPU = Debug|Any CPU
		Release|Any CPU = Release|Any CPU
	EndGlobalSection
	GlobalSection(ProjectConfigurationPlatforms) = postSolution
		{B15CB961-F451-4B47-9E6F-7A1514ECD6FB}.Debug|Any CPU.ActiveCfg = Debug|Any CPU
		{B15CB961-F451-4B47-9E6F-7A1514ECD6FB}.Debug|Any CPU.Build.0 = Debug|Any CPU
		{B15CB961-F451-4B47-9E6F-7A1514ECD6FB}.Release|Any CPU.ActiveCfg = Release|Any CPU
		{B15CB961-F451-4B47-9E6F-7A1514ECD6FB}.Release|Any CPU.Build.0 = Release|Any CPU
	EndGlobalSection
	GlobalSection(SolutionProperties) = preSolution
		HideSolutionNode = FALSE
	EndGlobalSection
	GlobalSection(ExtensibilityGlobals) = postSolution
		SolutionGuid = {E823ECDE-8602-4B9F-98A9-27EBD8F36D5F}
	EndGlobalSection
EndGlobal
