
Microsoft Visual Studio Solution File, Format Version 12.00
# Visual Studio Version 16
VisualStudioVersion = 16.0.30907.101
MinimumVisualStudioVersion = 10.0.40219.1
Project("{FAE04EC0-301F-11D3-BF4B-00C04F79EFBC}") = "QuanLyBanHang", "QuanLyBanHang\QuanLyBanHang.csproj", "{48DE1D5F-B051-4ECA-AF70-9282861084D0}"
EndProject
Global
	GlobalSection(SolutionConfigurationPlatforms) = preSolution
		Debug|Any CPU = Debug|Any CPU
		Release|Any CPU = Release|Any CPU
	EndGlobalSection
	GlobalSection(ProjectConfigurationPlatforms) = postSolution
		{48DE1D5F-B051-4ECA-AF70-9282861084D0}.Debug|Any CPU.ActiveCfg = Debug|Any CPU
		{48DE1D5F-B051-4ECA-AF70-9282861084D0}.Debug|Any CPU.Build.0 = Debug|Any CPU
		{48DE1D5F-B051-4ECA-AF70-9282861084D0}.Release|Any CPU.ActiveCfg = Release|Any CPU
		{48DE1D5F-B051-4ECA-AF70-9282861084D0}.Release|Any CPU.Build.0 = Release|Any CPU
	EndGlobalSection
	GlobalSection(SolutionProperties) = preSolution
		HideSolutionNode = FALSE
	EndGlobalSection
	GlobalSection(ExtensibilityGlobals) = postSolution
		SolutionGuid = {EAB8900E-E3B9-457F-BD30-3AC0CA1248F3}
	EndGlobalSection
EndGlobal
